// !$*UTF8*$!
{
	archiveVersion = 1;
	classes = {
	};
	objectVersion = 77;
	objects = {

/* Begin PBXContainerItemProxy section */
		0D120A512E0D84E300953510 /* PBXContainerItemProxy */ = {
			isa = PBXContainerItemProxy;
			containerPortal = 0D120A382E0D84E100953510 /* Project object */;
			proxyType = 1;
			remoteGlobalIDString = 0D120A3F2E0D84E200953510;
			remoteInfo = DOTpomodoro;
		};
		0D120A5B2E0D84E300953510 /* PBXContainerItemProxy */ = {
			isa = PBXContainerItemProxy;
			containerPortal = 0D120A382E0D84E100953510 /* Project object */;
			proxyType = 1;
			remoteGlobalIDString = 0D120A3F2E0D84E200953510;
			remoteInfo = DOTpomodoro;
		};
/* End PBXContainerItemProxy section */

/* Begin PBXFileReference section */
		0D120A402E0D84E200953510 /* DOTpomodoro.app */ = {isa = PBXFileReference; explicitFileType = wrapper.application; includeInIndex = 0; path = DOTpomodoro.app; sourceTree = BUILT_PRODUCTS_DIR; };
		0D120A502E0D84E300953510 /* DOTpomodoroTests.xctest */ = {isa = PBXFileReference; explicitFileType = wrapper.cfbundle; includeInIndex = 0; path = DOTpomodoroTests.xctest; sourceTree = BUILT_PRODUCTS_DIR; };
		0D120A5A2E0D84E300953510 /* DOTpomodoroUITests.xctest */ = {isa = PBXFileReference; explicitFileType = wrapper.cfbundle; includeInIndex = 0; path = DOTpomodoroUITests.xctest; sourceTree = BUILT_PRODUCTS_DIR; };
/* End PBXFileReference section */

/* Begin PBXFileSystemSynchronizedRootGroup section */
		0D120A422E0D84E200953510 /* DOTpomodoro */ = {
			isa = PBXFileSystemSynchronizedRootGroup;
			path = DOTpomodoro;
			sourceTree = "<group>";
		};
		0D120A532E0D84E300953510 /* DOTpomodoroTests */ = {
			isa = PBXFileSystemSynchronizedRootGroup;
			path = DOTpomodoroTests;
			sourceTree = "<group>";
		};
		0D120A5D2E0D84E300953510 /* DOTpomodoroUITests */ = {
			isa = PBXFileSystemSynchronizedRootGroup;
			path = DOTpomodoroUITests;
			sourceTree = "<group>";
		};
/* End PBXFileSystemSynchronizedRootGroup section */

/* Begin PBXFrameworksBuildPhase section */
		0D120A3D2E0D84E200953510 /* Frameworks */ = {
			isa = PBXFrameworksBuildPhase;
			buildActionMask = 2147483647;
			files = (
			);
			runOnlyForDeploymentPostprocessing = 0;
		};
		0D120A4D2E0D84E300953510 /* Frameworks */ = {
			isa = PBXFrameworksBuildPhase;
			buildActionMask = 2147483647;
			files = (
			);
			runOnlyForDeploymentPostprocessing = 0;
		};
		0D120A572E0D84E300953510 /* Frameworks */ = {
			isa = PBXFrameworksBuildPhase;
			buildActionMask = 2147483647;
			files = (
			);
			runOnlyForDeploymentPostprocessing = 0;
		};
/* End PBXFrameworksBuildPhase section */

/* Begin PBXGroup section */
		0D120A372E0D84E100953510 = {
			isa = PBXGroup;
			children = (
				0D120A422E0D84E200953510 /* DOTpomodoro */,
				0D120A532E0D84E300953510 /* DOTpomodoroTests */,
				0D120A5D2E0D84E300953510 /* DOTpomodoroUITests */,
				0D120A412E0D84E200953510 /* Products */,
			);
			sourceTree = "<group>";
		};
		0D120A412E0D84E200953510 /* Products */ = {
			isa = PBXGroup;
			children = (
				0D120A402E0D84E200953510 /* DOTpomodoro.app */,
				0D120A502E0D84E300953510 /* DOTpomodoroTests.xctest */,
				0D120A5A2E0D84E300953510 /* DOTpomodoroUITests.xctest */,
			);
			name = Products;
			sourceTree = "<group>";
		};
/* End PBXGroup section */

/* Begin PBXNativeTarget section */
		0D120A3F2E0D84E200953510 /* DOTpomodoro */ = {
			isa = PBXNativeTarget;
			buildConfigurationList = 0D120A642E0D84E300953510 /* Build configuration list for PBXNativeTarget "DOTpomodoro" */;
			buildPhases = (
				0D120A3C2E0D84E200953510 /* Sources */,
				0D120A3D2E0D84E200953510 /* Frameworks */,
				0D120A3E2E0D84E200953510 /* Resources */,
			);
			buildRules = (
			);
			dependencies = (
			);
			fileSystemSynchronizedGroups = (
				0D120A422E0D84E200953510 /* DOTpomodoro */,
			);
			name = DOTpomodoro;
			packageProductDependencies = (
			);
			productName = DOTpomodoro;
			productReference = 0D120A402E0D84E200953510 /* DOTpomodoro.app */;
			productType = "com.apple.product-type.application";
		};
		0D120A4F2E0D84E300953510 /* DOTpomodoroTests */ = {
			isa = PBXNativeTarget;
			buildConfigurationList = 0D120A672E0D84E300953510 /* Build configuration list for PBXNativeTarget "DOTpomodoroTests" */;
			buildPhases = (
				0D120A4C2E0D84E300953510 /* Sources */,
				0D120A4D2E0D84E300953510 /* Frameworks */,
				0D120A4E2E0D84E300953510 /* Resources */,
			);
			buildRules = (
			);
			dependencies = (
				0D120A522E0D84E300953510 /* PBXTargetDependency */,
			);
			fileSystemSynchronizedGroups = (
				0D120A532E0D84E300953510 /* DOTpomodoroTests */,
			);
			name = DOTpomodoroTests;
			packageProductDependencies = (
			);
			productName = DOTpomodoroTests;
			productReference = 0D120A502E0D84E300953510 /* DOTpomodoroTests.xctest */;
			productType = "com.apple.product-type.bundle.unit-test";
		};
		0D120A592E0D84E300953510 /* DOTpomodoroUITests */ = {
			isa = PBXNativeTarget;
			buildConfigurationList = 0D120A6A2E0D84E300953510 /* Build configuration list for PBXNativeTarget "DOTpomodoroUITests" */;
			buildPhases = (
				0D120A562E0D84E300953510 /* Sources */,
				0D120A572E0D84E300953510 /* Frameworks */,
				0D120A582E0D84E300953510 /* Resources */,
			);
			buildRules = (
			);
			dependencies = (
				0D120A5C2E0D84E300953510 /* PBXTargetDependency */,
			);
			fileSystemSynchronizedGroups = (
				0D120A5D2E0D84E300953510 /* DOTpomodoroUITests */,
			);
			name = DOTpomodoroUITests;
			packageProductDependencies = (
			);
			productName = DOTpomodoroUITests;
			productReference = 0D120A5A2E0D84E300953510 /* DOTpomodoroUITests.xctest */;
			productType = "com.apple.product-type.bundle.ui-testing";
		};
/* End PBXNativeTarget section */

/* Begin PBXProject section */
		0D120A382E0D84E100953510 /* Project object */ = {
			isa = PBXProject;
			attributes = {
				BuildIndependentTargetsInParallel = 1;
				LastSwiftUpdateCheck = 1640;
				LastUpgradeCheck = 1640;
				TargetAttributes = {
					0D120A3F2E0D84E200953510 = {
						CreatedOnToolsVersion = 16.4;
					};
					0D120A4F2E0D84E300953510 = {
						CreatedOnToolsVersion = 16.4;
						TestTargetID = 0D120A3F2E0D84E200953510;
					};
					0D120A592E0D84E300953510 = {
						CreatedOnToolsVersion = 16.4;
						TestTargetID = 0D120A3F2E0D84E200953510;
					};
				};
			};
			buildConfigurationList = 0D120A3B2E0D84E100953510 /* Build configuration list for PBXProject "DOTpomodoro" */;
			developmentRegion = en;
			hasScannedForEncodings = 0;
			knownRegions = (
				en,
				Base,
			);
			mainGroup = 0D120A372E0D84E100953510;
			minimizedProjectReferenceProxies = 1;
			preferredProjectObjectVersion = 77;
			productRefGroup = 0D120A412E0D84E200953510 /* Products */;
			projectDirPath = "";
			projectRoot = "";
			targets = (
				0D120A3F2E0D84E200953510 /* DOTpomodoro */,
				0D120A4F2E0D84E300953510 /* DOTpomodoroTests */,
				0D120A592E0D84E300953510 /* DOTpomodoroUITests */,
			);
		};
/* End PBXProject section */

/* Begin PBXResourcesBuildPhase section */
		0D120A3E2E0D84E200953510 /* Resources */ = {
			isa = PBXResourcesBuildPhase;
			buildActionMask = 2147483647;
			files = (
			);
			runOnlyForDeploymentPostprocessing = 0;
		};
		0D120A4E2E0D84E300953510 /* Resources */ = {
			isa = PBXResourcesBuildPhase;
			buildActionMask = 2147483647;
			files = (
			);
			runOnlyForDeploymentPostprocessing = 0;
		};
		0D120A582E0D84E300953510 /* Resources */ = {
			isa = PBXResourcesBuildPhase;
			buildActionMask = 2147483647;
			files = (
			);
			runOnlyForDeploymentPostprocessing = 0;
		};
/* End PBXResourcesBuildPhase section */

/* Begin PBXSourcesBuildPhase section */
		0D120A3C2E0D84E200953510 /* Sources */ = {
			isa = PBXSourcesBuildPhase;
			buildActionMask = 2147483647;
			files = (
			);
			runOnlyForDeploymentPostprocessing = 0;
		};
		0D120A4C2E0D84E300953510 /* Sources */ = {
			isa = PBXSourcesBuildPhase;
			buildActionMask = 2147483647;
			files = (
			);
			runOnlyForDeploymentPostprocessing = 0;
		};
		0D120A562E0D84E300953510 /* Sources */ = {
			isa = PBXSourcesBuildPhase;
			buildActionMask = 2147483647;
			files = (
			);
			runOnlyForDeploymentPostprocessing = 0;
		};
/* End PBXSourcesBuildPhase section */

/* Begin PBXTargetDependency section */
		0D120A522E0D84E300953510 /* PBXTargetDependency */ = {
			isa = PBXTargetDependency;
			target = 0D120A3F2E0D84E200953510 /* DOTpomodoro */;
			targetProxy = 0D120A512E0D84E300953510 /* PBXContainerItemProxy */;
		};
		0D120A5C2E0D84E300953510 /* PBXTargetDependency */ = {
			isa = PBXTargetDependency;
			target = 0D120A3F2E0D84E200953510 /* DOTpomodoro */;
			targetProxy = 0D120A5B2E0D84E300953510 /* PBXContainerItemProxy */;
		};
/* End PBXTargetDependency section */

/* Begin XCBuildConfiguration section */
		0D120A622E0D84E300953510 /* Debug */ = {
			isa = XCBuildConfiguration;
			buildSettings = {
				ALWAYS_SEARCH_USER_PATHS = NO;
				ASSETCATALOG_COMPILER_GENERATE_SWIFT_ASSET_SYMBOL_EXTENSIONS = YES;
				CLANG_ANALYZER_NONNULL = YES;
				CLANG_ANALYZER_NUMBER_OBJECT_CONVERSION = YES_AGGRESSIVE;
				CLANG_CXX_LANGUAGE_STANDARD = "gnu++20";
				CLANG_ENABLE_MODULES = YES;
				CLANG_ENABLE_OBJC_ARC = YES;
				CLANG_ENABLE_OBJC_WEAK = YES;
				CLANG_WARN_BLOCK_CAPTURE_AUTORELEASING = YES;
				CLANG_WARN_BOOL_CONVERSION = YES;
				CLANG_WARN_COMMA = YES;
				CLANG_WARN_CONSTANT_CONVERSION = YES;
				CLANG_WARN_DEPRECATED_OBJC_IMPLEMENTATIONS = YES;
				CLANG_WARN_DIRECT_OBJC_ISA_USAGE = YES_ERROR;
				CLANG_WARN_DOCUMENTATION_COMMENTS = YES;
				CLANG_WARN_EMPTY_BODY = YES;
				CLANG_WARN_ENUM_CONVERSION = YES;
				CLANG_WARN_INFINITE_RECURSION = YES;
				CLANG_WARN_INT_CONVERSION = YES;
				CLANG_WARN_NON_LITERAL_NULL_CONVERSION = YES;
				CLANG_WARN_OBJC_IMPLICIT_RETAIN_SELF = YES;
				CLANG_WARN_OBJC_LITERAL_CONVERSION = YES;
				CLANG_WARN_OBJC_ROOT_CLASS = YES_ERROR;
				CLANG_WARN_QUOTED_INCLUDE_IN_FRAMEWORK_HEADER = YES;
				CLANG_WARN_RANGE_LOOP_ANALYSIS = YES;
				CLANG_WARN_STRICT_PROTOTYPES = YES;
				CLANG_WARN_SUSPICIOUS_MOVE = YES;
				CLANG_WARN_UNGUARDED_AVAILABILITY = YES_AGGRESSIVE;
				CLANG_WARN_UNREACHABLE_CODE = YES;
				CLANG_WARN__DUPLICATE_METHOD_MATCH = YES;
				COPY_PHASE_STRIP = NO;
				DEBUG_INFORMATION_FORMAT = dwarf;
				DEVELOPMENT_TEAM = G2HJ4WHY82;
				ENABLE_STRICT_OBJC_MSGSEND = YES;
				ENABLE_TESTABILITY = YES;
				ENABLE_USER_SCRIPT_SANDBOXING = YES;
				GCC_C_LANGUAGE_STANDARD = gnu17;
				GCC_DYNAMIC_NO_PIC = NO;
				GCC_NO_COMMON_BLOCKS = YES;
				GCC_OPTIMIZATION_LEVEL = 0;
				GCC_PREPROCESSOR_DEFINITIONS = (
					"DEBUG=1",
					"$(inherited)",
				);
				GCC_WARN_64_TO_32_BIT_CONVERSION = YES;
				GCC_WARN_ABOUT_RETURN_TYPE = YES_ERROR;
				GCC_WARN_UNDECLARED_SELECTOR = YES;
				GCC_WARN_UNINITIALIZED_AUTOS = YES_AGGRESSIVE;
				GCC_WARN_UNUSED_FUNCTION = YES;
				GCC_WARN_UNUSED_VARIABLE = YES;
				LOCALIZATION_PREFERS_STRING_CATALOGS = YES;
				MACOSX_DEPLOYMENT_TARGET = 15.5;
				MTL_ENABLE_DEBUG_INFO = INCLUDE_SOURCE;
				MTL_FAST_MATH = YES;
				ONLY_ACTIVE_ARCH = YES;
				SDKROOT = macosx;
				SWIFT_ACTIVE_COMPILATION_CONDITIONS = "DEBUG $(inherited)";
				SWIFT_OPTIMIZATION_LEVEL = "-Onone";
			};
			name = Debug;
		};
		0D120A632E0D84E300953510 /* Release */ = {
			isa = XCBuildConfiguration;
			buildSettings = {
				ALWAYS_SEARCH_USER_PATHS = NO;
				ASSETCATALOG_COMPILER_GENERATE_SWIFT_ASSET_SYMBOL_EXTENSIONS = YES;
				CLANG_ANALYZER_NONNULL = YES;
				CLANG_ANALYZER_NUMBER_OBJECT_CONVERSION = YES_AGGRESSIVE;
				CLANG_CXX_LANGUAGE_STANDARD = "gnu++20";
				CLANG_ENABLE_MODULES = YES;
				CLANG_ENABLE_OBJC_ARC = YES;
				CLANG_ENABLE_OBJC_WEAK = YES;
				CLANG_WARN_BLOCK_CAPTURE_AUTORELEASING = YES;
				CLANG_WARN_BOOL_CONVERSION = YES;
				CLANG_WARN_COMMA = YES;
				CLANG_WARN_CONSTANT_CONVERSION = YES;
				CLANG_WARN_DEPRECATED_OBJC_IMPLEMENTATIONS = YES;
				CLANG_WARN_DIRECT_OBJC_ISA_USAGE = YES_ERROR;
				CLANG_WARN_DOCUMENTATION_COMMENTS = YES;
				CLANG_WARN_EMPTY_BODY = YES;
				CLANG_WARN_ENUM_CONVERSION = YES;
				CLANG_WARN_INFINITE_RECURSION = YES;
				CLANG_WARN_INT_CONVERSION = YES;
				CLANG_WARN_NON_LITERAL_NULL_CONVERSION = YES;
				CLANG_WARN_OBJC_IMPLICIT_RETAIN_SELF = YES;
				CLANG_WARN_OBJC_LITERAL_CONVERSION = YES;
				CLANG_WARN_OBJC_ROOT_CLASS = YES_ERROR;
				CLANG_WARN_QUOTED_INCLUDE_IN_FRAMEWORK_HEADER = YES;
				CLANG_WARN_RANGE_LOOP_ANALYSIS = YES;
				CLANG_WARN_STRICT_PROTOTYPES = YES;
				CLANG_WARN_SUSPICIOUS_MOVE = YES;
				CLANG_WARN_UNGUARDED_AVAILABILITY = YES_AGGRESSIVE;
				CLANG_WARN_UNREACHABLE_CODE = YES;
				CLANG_WARN__DUPLICATE_METHOD_MATCH = YES;
				COPY_PHASE_STRIP = NO;
				DEBUG_INFORMATION_FORMAT = "dwarf-with-dsym";
				DEVELOPMENT_TEAM = G2HJ4WHY82;
				ENABLE_NS_ASSERTIONS = NO;
				ENABLE_STRICT_OBJC_MSGSEND = YES;
				ENABLE_USER_SCRIPT_SANDBOXING = YES;
				GCC_C_LANGUAGE_STANDARD = gnu17;
				GCC_NO_COMMON_BLOCKS = YES;
				GCC_WARN_64_TO_32_BIT_CONVERSION = YES;
				GCC_WARN_ABOUT_RETURN_TYPE = YES_ERROR;
				GCC_WARN_UNDECLARED_SELECTOR = YES;
				GCC_WARN_UNINITIALIZED_AUTOS = YES_AGGRESSIVE;
				GCC_WARN_UNUSED_FUNCTION = YES;
				GCC_WARN_UNUSED_VARIABLE = YES;
				LOCALIZATION_PREFERS_STRING_CATALOGS = YES;
				MACOSX_DEPLOYMENT_TARGET = 15.5;
				MTL_ENABLE_DEBUG_INFO = NO;
				MTL_FAST_MATH = YES;
				SDKROOT = macosx;
				SWIFT_COMPILATION_MODE = wholemodule;
			};
			name = Release;
		};
		0D120A652E0D84E300953510 /* Debug */ = {
			isa = XCBuildConfiguration;
			buildSettings = {
				ASSETCATALOG_COMPILER_APPICON_NAME = AppIcon;
				ASSETCATALOG_COMPILER_GLOBAL_ACCENT_COLOR_NAME = AccentColor;
				CODE_SIGN_ENTITLEMENTS = DOTpomodoro/DOTpomodoro.entitlements;
				CODE_SIGN_STYLE = Automatic;
				COMBINE_HIDPI_IMAGES = YES;
				CURRENT_PROJECT_VERSION = 1;
				DEVELOPMENT_TEAM = G2HJ4WHY82;
				ENABLE_HARDENED_RUNTIME = YES;
				ENABLE_PREVIEWS = YES;
				GENERATE_INFOPLIST_FILE = NO;
				INFOPLIST_FILE = DOTpomodoro/Info.plist;
				INFOPLIST_KEY_NSHumanReadableCopyright = "";
				LD_RUNPATH_SEARCH_PATHS = (
					"$(inherited)",
					"@executable_path/../Frameworks",
				);
				MACOSX_DEPLOYMENT_TARGET = 14.0;
				MARKETING_VERSION = 1.0;
				PRODUCT_BUNDLE_IDENTIFIER = zenware.DOTpomodoro;
				PRODUCT_NAME = "$(TARGET_NAME)";
				REGISTER_APP_GROUPS = YES;
				SWIFT_EMIT_LOC_STRINGS = YES;
				SWIFT_VERSION = 5.0;
			};
			name = Debug;
		};
		0D120A662E0D84E300953510 /* Release */ = {
			isa = XCBuildConfiguration;
			buildSettings = {
				ASSETCATALOG_COMPILER_APPICON_NAME = AppIcon;
				ASSETCATALOG_COMPILER_GLOBAL_ACCENT_COLOR_NAME = AccentColor;
				CODE_SIGN_ENTITLEMENTS = DOTpomodoro/DOTpomodoro.entitlements;
				CODE_SIGN_STYLE = Automatic;
				COMBINE_HIDPI_IMAGES = YES;
				CURRENT_PROJECT_VERSION = 1;
				DEVELOPMENT_TEAM = G2HJ4WHY82;
				ENABLE_HARDENED_RUNTIME = YES;
				ENABLE_PREVIEWS = YES;
				GENERATE_INFOPLIST_FILE = NO;
				INFOPLIST_FILE = DOTpomodoro/Info.plist;
				INFOPLIST_KEY_NSHumanReadableCopyright = "";
				LD_RUNPATH_SEARCH_PATHS = (
					"$(inherited)",
					"@executable_path/../Frameworks",
				);
				MACOSX_DEPLOYMENT_TARGET = 14.0;
				MARKETING_VERSION = 1.0;
				PRODUCT_BUNDLE_IDENTIFIER = zenware.DOTpomodoro;
				PRODUCT_NAME = "$(TARGET_NAME)";
				REGISTER_APP_GROUPS = YES;
				SWIFT_EMIT_LOC_STRINGS = YES;
				SWIFT_VERSION = 5.0;
			};
			name = Release;
		};
		0D120A682E0D84E300953510 /* Debug */ = {
			isa = XCBuildConfiguration;
			buildSettings = {
				BUNDLE_LOADER = "$(TEST_HOST)";
				CODE_SIGN_STYLE = Automatic;
				CURRENT_PROJECT_VERSION = 1;
				DEVELOPMENT_TEAM = G2HJ4WHY82;
				GENERATE_INFOPLIST_FILE = YES;
				MACOSX_DEPLOYMENT_TARGET = 14.0;
				MARKETING_VERSION = 1.0;
				PRODUCT_BUNDLE_IDENTIFIER = zenware.DOTpomodoroTests;
				PRODUCT_NAME = "$(TARGET_NAME)";
				SWIFT_EMIT_LOC_STRINGS = NO;
				SWIFT_VERSION = 5.0;
				TEST_HOST = "$(BUILT_PRODUCTS_DIR)/DOTpomodoro.app/$(BUNDLE_EXECUTABLE_FOLDER_PATH)/DOTpomodoro";
			};
			name = Debug;
		};
		0D120A692E0D84E300953510 /* Release */ = {
			isa = XCBuildConfiguration;
			buildSettings = {
				BUNDLE_LOADER = "$(TEST_HOST)";
				CODE_SIGN_STYLE = Automatic;
				CURRENT_PROJECT_VERSION = 1;
				DEVELOPMENT_TEAM = G2HJ4WHY82;
				GENERATE_INFOPLIST_FILE = YES;
				MACOSX_DEPLOYMENT_TARGET = 14.0;
				MARKETING_VERSION = 1.0;
				PRODUCT_BUNDLE_IDENTIFIER = zenware.DOTpomodoroTests;
				PRODUCT_NAME = "$(TARGET_NAME)";
				SWIFT_EMIT_LOC_STRINGS = NO;
				SWIFT_VERSION = 5.0;
				TEST_HOST = "$(BUILT_PRODUCTS_DIR)/DOTpomodoro.app/$(BUNDLE_EXECUTABLE_FOLDER_PATH)/DOTpomodoro";
			};
			name = Release;
		};
		0D120A6B2E0D84E300953510 /* Debug */ = {
			isa = XCBuildConfiguration;
			buildSettings = {
				CODE_SIGN_STYLE = Automatic;
				CURRENT_PROJECT_VERSION = 1;
				DEVELOPMENT_TEAM = G2HJ4WHY82;
				GENERATE_INFOPLIST_FILE = YES;
				MARKETING_VERSION = 1.0;
				PRODUCT_BUNDLE_IDENTIFIER = zenware.DOTpomodoroUITests;
				PRODUCT_NAME = "$(TARGET_NAME)";
				SWIFT_EMIT_LOC_STRINGS = NO;
				SWIFT_VERSION = 5.0;
				TEST_TARGET_NAME = DOTpomodoro;
			};
			name = Debug;
		};
		0D120A6C2E0D84E300953510 /* Release */ = {
			isa = XCBuildConfiguration;
			buildSettings = {
				CODE_SIGN_STYLE = Automatic;
				CURRENT_PROJECT_VERSION = 1;
				DEVELOPMENT_TEAM = G2HJ4WHY82;
				GENERATE_INFOPLIST_FILE = YES;
				MARKETING_VERSION = 1.0;
				PRODUCT_BUNDLE_IDENTIFIER = zenware.DOTpomodoroUITests;
				PRODUCT_NAME = "$(TARGET_NAME)";
				SWIFT_EMIT_LOC_STRINGS = NO;
				SWIFT_VERSION = 5.0;
				TEST_TARGET_NAME = DOTpomodoro;
			};
			name = Release;
		};
/* End XCBuildConfiguration section */

/* Begin XCConfigurationList section */
		0D120A3B2E0D84E100953510 /* Build configuration list for PBXProject "DOTpomodoro" */ = {
			isa = XCConfigurationList;
			buildConfigurations = (
				0D120A622E0D84E300953510 /* Debug */,
				0D120A632E0D84E300953510 /* Release */,
			);
			defaultConfigurationIsVisible = 0;
			defaultConfigurationName = Release;
		};
		0D120A642E0D84E300953510 /* Build configuration list for PBXNativeTarget "DOTpomodoro" */ = {
			isa = XCConfigurationList;
			buildConfigurations = (
				0D120A652E0D84E300953510 /* Debug */,
				0D120A662E0D84E300953510 /* Release */,
			);
			defaultConfigurationIsVisible = 0;
			defaultConfigurationName = Release;
		};
		0D120A672E0D84E300953510 /* Build configuration list for PBXNativeTarget "DOTpomodoroTests" */ = {
			isa = XCConfigurationList;
			buildConfigurations = (
				0D120A682E0D84E300953510 /* Debug */,
				0D120A692E0D84E300953510 /* Release */,
			);
			defaultConfigurationIsVisible = 0;
			defaultConfigurationName = Release;
		};
		0D120A6A2E0D84E300953510 /* Build configuration list for PBXNativeTarget "DOTpomodoroUITests" */ = {
			isa = XCConfigurationList;
			buildConfigurations = (
				0D120A6B2E0D84E300953510 /* Debug */,
				0D120A6C2E0D84E300953510 /* Release */,
			);
			defaultConfigurationIsVisible = 0;
			defaultConfigurationName = Release;
		};
/* End XCConfigurationList section */
	};
	rootObject = 0D120A382E0D84E100953510 /* Project object */;
}
